
Microsoft Visual Studio Solution File, Format Version 12.00
# Visual Studio Version 17
VisualStudioVersion = 17.4.33205.214
MinimumVisualStudioVersion = 10.0.40219.1
Project("{8BC9CEB8-8B4A-11D0-8D11-00A0C91BC942}") = "EventsSourceAndSink", "Examples\EventsSourceAndSink\EventsSourceAndSink.vcxproj", "{3F655D35-CED5-41E2-A16B-F68475D1547C}"
EndProject
Project("{2150E333-8FDC-42A3-9474-1A3956D46DE8}") = "Solution Items", "Solution Items", "{DFE0E6A2-3B7B-4C34-A503-0C9241294DCF}"
	ProjectSection(SolutionItems) = preProject
		Readme.md = Readme.md
	EndProjectSection
EndProject
Project("{8BC9CEB8-8B4A-11D0-8D11-00A0C91BC942}") = "CustomIterator", "Examples\CustomIterator\CustomIterator.vcxproj", "{D8F2AD49-F43F-4326-886C-091B239D93BC}"
EndProject
Project("{8BC9CEB8-8B4A-11D0-8D11-00A0C91BC942}") = "KeywordsFrequency", "Examples\KeywordsFrequency\KeywordsFrequency.vcxproj", "{64B6BD99-A462-4A60-8FBB-17E1B5A40A04}"
EndProject
Project("{8BC9CEB8-8B4A-11D0-8D11-00A0C91BC942}") = "CustomTuple", "Examples\CustomTuple\CustomTuple.vcxproj", "{581AC52D-F6A2-4346-9AD9-59CD7F18523F}"
EndProject
Project("{8BC9CEB8-8B4A-11D0-8D11-00A0C91BC942}") = "LinkedList", "Examples\LinkedList\LinkedList.vcxproj", "{7164EF64-9CDB-4AA5-A094-1AEC12DD2EB5}"
EndProject
Project("{8BC9CEB8-8B4A-11D0-8D11-00A0C91BC942}") = "RPNCalculator", "Examples\RPNCalculator\RPNCalculator.vcxproj", "{F88C5882-80EC-4463-B0B0-03837C0631B7}"
EndProject
Project("{8BC9CEB8-8B4A-11D0-8D11-00A0C91BC942}") = "Shapes", "Examples\Shapes\Shapes.vcxproj", "{5FCB08B5-8872-4B8A-8C94-A300D4556719}"
EndProject
Project("{8BC9CEB8-8B4A-11D0-8D11-00A0C91BC942}") = "SmartPointerImpl", "Examples\SmartPointer\SmartPointer.vcxproj", "{68180538-F272-4B89-A20D-2C59CBB804DC}"
EndProject
Project("{8BC9CEB8-8B4A-11D0-8D11-00A0C91BC942}") = "SpreadSheet", "Examples\SpreadSheet\SpreadSheet.vcxproj", "{06FECA4B-80F5-4035-8AD0-96972F55E0E5}"
EndProject
Project("{8BC9CEB8-8B4A-11D0-8D11-00A0C91BC942}") = "SubRange", "Examples\SubRange\SubRange.vcxproj", "{0D0052C1-3BCA-43CB-A1A9-6922DF96BB8E}"
EndProject
Project("{8BC9CEB8-8B4A-11D0-8D11-00A0C91BC942}") = "CalculatorTemplate", "Examples\CalculatorTemplate\CalculatorTemplate.vcxproj", "{2B774A3F-714E-4473-8665-8E9D1ABC9344}"
EndProject
Project("{8BC9CEB8-8B4A-11D0-8D11-00A0C91BC942}") = "StackTemplate", "Examples\StackTemplate\TemplateStack.vcxproj", "{1F9B0B40-F0B5-4E3A-A41C-F44200EDAAC4}"
EndProject
Project("{8BC9CEB8-8B4A-11D0-8D11-00A0C91BC942}") = "HashMap", "Examples\HashMap\HashMap.vcxproj", "{FFDE0AF7-78EE-4505-9994-D2EC2D8D38A5}"
EndProject
Project("{8BC9CEB8-8B4A-11D0-8D11-00A0C91BC942}") = "HashMap02", "Examples\HashMap02\HashMap02.vcxproj", "{D8060036-8006-47BA-AD19-04BEC6110D3F}"
EndProject
Global
	GlobalSection(SolutionConfigurationPlatforms) = preSolution
		Debug|x64 = Debug|x64
		Debug|x86 = Debug|x86
		Release|x64 = Release|x64
		Release|x86 = Release|x86
	EndGlobalSection
	GlobalSection(ProjectConfigurationPlatforms) = postSolution
		{3F655D35-CED5-41E2-A16B-F68475D1547C}.Debug|x64.ActiveCfg = Debug|x64
		{3F655D35-CED5-41E2-A16B-F68475D1547C}.Debug|x64.Build.0 = Debug|x64
		{3F655D35-CED5-41E2-A16B-F68475D1547C}.Debug|x86.ActiveCfg = Debug|Win32
		{3F655D35-CED5-41E2-A16B-F68475D1547C}.Debug|x86.Build.0 = Debug|Win32
		{3F655D35-CED5-41E2-A16B-F68475D1547C}.Release|x64.ActiveCfg = Release|x64
		{3F655D35-CED5-41E2-A16B-F68475D1547C}.Release|x64.Build.0 = Release|x64
		{3F655D35-CED5-41E2-A16B-F68475D1547C}.Release|x86.ActiveCfg = Release|Win32
		{3F655D35-CED5-41E2-A16B-F68475D1547C}.Release|x86.Build.0 = Release|Win32
		{D8F2AD49-F43F-4326-886C-091B239D93BC}.Debug|x64.ActiveCfg = Debug|x64
		{D8F2AD49-F43F-4326-886C-091B239D93BC}.Debug|x64.Build.0 = Debug|x64
		{D8F2AD49-F43F-4326-886C-091B239D93BC}.Debug|x86.ActiveCfg = Debug|Win32
		{D8F2AD49-F43F-4326-886C-091B239D93BC}.Debug|x86.Build.0 = Debug|Win32
		{D8F2AD49-F43F-4326-886C-091B239D93BC}.Release|x64.ActiveCfg = Release|x64
		{D8F2AD49-F43F-4326-886C-091B239D93BC}.Release|x64.Build.0 = Release|x64
		{D8F2AD49-F43F-4326-886C-091B239D93BC}.Release|x86.ActiveCfg = Release|Win32
		{D8F2AD49-F43F-4326-886C-091B239D93BC}.Release|x86.Build.0 = Release|Win32
		{64B6BD99-A462-4A60-8FBB-17E1B5A40A04}.Debug|x64.ActiveCfg = Debug|x64
		{64B6BD99-A462-4A60-8FBB-17E1B5A40A04}.Debug|x64.Build.0 = Debug|x64
		{64B6BD99-A462-4A60-8FBB-17E1B5A40A04}.Debug|x86.ActiveCfg = Debug|Win32
		{64B6BD99-A462-4A60-8FBB-17E1B5A40A04}.Debug|x86.Build.0 = Debug|Win32
		{64B6BD99-A462-4A60-8FBB-17E1B5A40A04}.Release|x64.ActiveCfg = Release|x64
		{64B6BD99-A462-4A60-8FBB-17E1B5A40A04}.Release|x64.Build.0 = Release|x64
		{64B6BD99-A462-4A60-8FBB-17E1B5A40A04}.Release|x86.ActiveCfg = Release|Win32
		{64B6BD99-A462-4A60-8FBB-17E1B5A40A04}.Release|x86.Build.0 = Release|Win32
		{581AC52D-F6A2-4346-9AD9-59CD7F18523F}.Debug|x64.ActiveCfg = Debug|x64
		{581AC52D-F6A2-4346-9AD9-59CD7F18523F}.Debug|x64.Build.0 = Debug|x64
		{581AC52D-F6A2-4346-9AD9-59CD7F18523F}.Debug|x86.ActiveCfg = Debug|Win32
		{581AC52D-F6A2-4346-9AD9-59CD7F18523F}.Debug|x86.Build.0 = Debug|Win32
		{581AC52D-F6A2-4346-9AD9-59CD7F18523F}.Release|x64.ActiveCfg = Release|x64
		{581AC52D-F6A2-4346-9AD9-59CD7F18523F}.Release|x64.Build.0 = Release|x64
		{581AC52D-F6A2-4346-9AD9-59CD7F18523F}.Release|x86.ActiveCfg = Release|Win32
		{581AC52D-F6A2-4346-9AD9-59CD7F18523F}.Release|x86.Build.0 = Release|Win32
		{7164EF64-9CDB-4AA5-A094-1AEC12DD2EB5}.Debug|x64.ActiveCfg = Debug|x64
		{7164EF64-9CDB-4AA5-A094-1AEC12DD2EB5}.Debug|x64.Build.0 = Debug|x64
		{7164EF64-9CDB-4AA5-A094-1AEC12DD2EB5}.Debug|x86.ActiveCfg = Debug|Win32
		{7164EF64-9CDB-4AA5-A094-1AEC12DD2EB5}.Debug|x86.Build.0 = Debug|Win32
		{7164EF64-9CDB-4AA5-A094-1AEC12DD2EB5}.Release|x64.ActiveCfg = Release|x64
		{7164EF64-9CDB-4AA5-A094-1AEC12DD2EB5}.Release|x64.Build.0 = Release|x64
		{7164EF64-9CDB-4AA5-A094-1AEC12DD2EB5}.Release|x86.ActiveCfg = Release|Win32
		{7164EF64-9CDB-4AA5-A094-1AEC12DD2EB5}.Release|x86.Build.0 = Release|Win32
		{F88C5882-80EC-4463-B0B0-03837C0631B7}.Debug|x64.ActiveCfg = Debug|x64
		{F88C5882-80EC-4463-B0B0-03837C0631B7}.Debug|x64.Build.0 = Debug|x64
		{F88C5882-80EC-4463-B0B0-03837C0631B7}.Debug|x86.ActiveCfg = Debug|Win32
		{F88C5882-80EC-4463-B0B0-03837C0631B7}.Debug|x86.Build.0 = Debug|Win32
		{F88C5882-80EC-4463-B0B0-03837C0631B7}.Release|x64.ActiveCfg = Release|x64
		{F88C5882-80EC-4463-B0B0-03837C0631B7}.Release|x64.Build.0 = Release|x64
		{F88C5882-80EC-4463-B0B0-03837C0631B7}.Release|x86.ActiveCfg = Release|Win32
		{F88C5882-80EC-4463-B0B0-03837C0631B7}.Release|x86.Build.0 = Release|Win32
		{5FCB08B5-8872-4B8A-8C94-A300D4556719}.Debug|x64.ActiveCfg = Debug|x64
		{5FCB08B5-8872-4B8A-8C94-A300D4556719}.Debug|x64.Build.0 = Debug|x64
		{5FCB08B5-8872-4B8A-8C94-A300D4556719}.Debug|x86.ActiveCfg = Debug|Win32
		{5FCB08B5-8872-4B8A-8C94-A300D4556719}.Debug|x86.Build.0 = Debug|Win32
		{5FCB08B5-8872-4B8A-8C94-A300D4556719}.Release|x64.ActiveCfg = Release|x64
		{5FCB08B5-8872-4B8A-8C94-A300D4556719}.Release|x64.Build.0 = Release|x64
		{5FCB08B5-8872-4B8A-8C94-A300D4556719}.Release|x86.ActiveCfg = Release|Win32
		{5FCB08B5-8872-4B8A-8C94-A300D4556719}.Release|x86.Build.0 = Release|Win32
		{68180538-F272-4B89-A20D-2C59CBB804DC}.Debug|x64.ActiveCfg = Debug|x64
		{68180538-F272-4B89-A20D-2C59CBB804DC}.Debug|x64.Build.0 = Debug|x64
		{68180538-F272-4B89-A20D-2C59CBB804DC}.Debug|x86.ActiveCfg = Debug|Win32
		{68180538-F272-4B89-A20D-2C59CBB804DC}.Debug|x86.Build.0 = Debug|Win32
		{68180538-F272-4B89-A20D-2C59CBB804DC}.Release|x64.ActiveCfg = Release|x64
		{68180538-F272-4B89-A20D-2C59CBB804DC}.Release|x64.Build.0 = Release|x64
		{68180538-F272-4B89-A20D-2C59CBB804DC}.Release|x86.ActiveCfg = Release|Win32
		{68180538-F272-4B89-A20D-2C59CBB804DC}.Release|x86.Build.0 = Release|Win32
		{06FECA4B-80F5-4035-8AD0-96972F55E0E5}.Debug|x64.ActiveCfg = Debug|x64
		{06FECA4B-80F5-4035-8AD0-96972F55E0E5}.Debug|x64.Build.0 = Debug|x64
		{06FECA4B-80F5-4035-8AD0-96972F55E0E5}.Debug|x86.ActiveCfg = Debug|Win32
		{06FECA4B-80F5-4035-8AD0-96972F55E0E5}.Debug|x86.Build.0 = Debug|Win32
		{06FECA4B-80F5-4035-8AD0-96972F55E0E5}.Release|x64.ActiveCfg = Release|x64
		{06FECA4B-80F5-4035-8AD0-96972F55E0E5}.Release|x64.Build.0 = Release|x64
		{06FECA4B-80F5-4035-8AD0-96972F55E0E5}.Release|x86.ActiveCfg = Release|Win32
		{06FECA4B-80F5-4035-8AD0-96972F55E0E5}.Release|x86.Build.0 = Release|Win32
		{0D0052C1-3BCA-43CB-A1A9-6922DF96BB8E}.Debug|x64.ActiveCfg = Debug|x64
		{0D0052C1-3BCA-43CB-A1A9-6922DF96BB8E}.Debug|x64.Build.0 = Debug|x64
		{0D0052C1-3BCA-43CB-A1A9-6922DF96BB8E}.Debug|x86.ActiveCfg = Debug|Win32
		{0D0052C1-3BCA-43CB-A1A9-6922DF96BB8E}.Debug|x86.Build.0 = Debug|Win32
		{0D0052C1-3BCA-43CB-A1A9-6922DF96BB8E}.Release|x64.ActiveCfg = Release|x64
		{0D0052C1-3BCA-43CB-A1A9-6922DF96BB8E}.Release|x64.Build.0 = Release|x64
		{0D0052C1-3BCA-43CB-A1A9-6922DF96BB8E}.Release|x86.ActiveCfg = Release|Win32
		{0D0052C1-3BCA-43CB-A1A9-6922DF96BB8E}.Release|x86.Build.0 = Release|Win32
		{2B774A3F-714E-4473-8665-8E9D1ABC9344}.Debug|x64.ActiveCfg = Debug|x64
		{2B774A3F-714E-4473-8665-8E9D1ABC9344}.Debug|x64.Build.0 = Debug|x64
		{2B774A3F-714E-4473-8665-8E9D1ABC9344}.Debug|x86.ActiveCfg = Debug|Win32
		{2B774A3F-714E-4473-8665-8E9D1ABC9344}.Debug|x86.Build.0 = Debug|Win32
		{2B774A3F-714E-4473-8665-8E9D1ABC9344}.Release|x64.ActiveCfg = Release|x64
		{2B774A3F-714E-4473-8665-8E9D1ABC9344}.Release|x64.Build.0 = Release|x64
		{2B774A3F-714E-4473-8665-8E9D1ABC9344}.Release|x86.ActiveCfg = Release|Win32
		{2B774A3F-714E-4473-8665-8E9D1ABC9344}.Release|x86.Build.0 = Release|Win32
		{1F9B0B40-F0B5-4E3A-A41C-F44200EDAAC4}.Debug|x64.ActiveCfg = Debug|x64
		{1F9B0B40-F0B5-4E3A-A41C-F44200EDAAC4}.Debug|x64.Build.0 = Debug|x64
		{1F9B0B40-F0B5-4E3A-A41C-F44200EDAAC4}.Debug|x86.ActiveCfg = Debug|Win32
		{1F9B0B40-F0B5-4E3A-A41C-F44200EDAAC4}.Debug|x86.Build.0 = Debug|Win32
		{1F9B0B40-F0B5-4E3A-A41C-F44200EDAAC4}.Release|x64.ActiveCfg = Release|x64
		{1F9B0B40-F0B5-4E3A-A41C-F44200EDAAC4}.Release|x64.Build.0 = Release|x64
		{1F9B0B40-F0B5-4E3A-A41C-F44200EDAAC4}.Release|x86.ActiveCfg = Release|Win32
		{1F9B0B40-F0B5-4E3A-A41C-F44200EDAAC4}.Release|x86.Build.0 = Release|Win32
		{FFDE0AF7-78EE-4505-9994-D2EC2D8D38A5}.Debug|x64.ActiveCfg = Debug|x64
		{FFDE0AF7-78EE-4505-9994-D2EC2D8D38A5}.Debug|x64.Build.0 = Debug|x64
		{FFDE0AF7-78EE-4505-9994-D2EC2D8D38A5}.Debug|x86.ActiveCfg = Debug|Win32
		{FFDE0AF7-78EE-4505-9994-D2EC2D8D38A5}.Debug|x86.Build.0 = Debug|Win32
		{FFDE0AF7-78EE-4505-9994-D2EC2D8D38A5}.Release|x64.ActiveCfg = Release|x64
		{FFDE0AF7-78EE-4505-9994-D2EC2D8D38A5}.Release|x64.Build.0 = Release|x64
		{FFDE0AF7-78EE-4505-9994-D2EC2D8D38A5}.Release|x86.ActiveCfg = Release|Win32
		{FFDE0AF7-78EE-4505-9994-D2EC2D8D38A5}.Release|x86.Build.0 = Release|Win32
		{D8060036-8006-47BA-AD19-04BEC6110D3F}.Debug|x64.ActiveCfg = Debug|x64
		{D8060036-8006-47BA-AD19-04BEC6110D3F}.Debug|x64.Build.0 = Debug|x64
		{D8060036-8006-47BA-AD19-04BEC6110D3F}.Debug|x86.ActiveCfg = Debug|Win32
		{D8060036-8006-47BA-AD19-04BEC6110D3F}.Debug|x86.Build.0 = Debug|Win32
		{D8060036-8006-47BA-AD19-04BEC6110D3F}.Release|x64.ActiveCfg = Release|x64
		{D8060036-8006-47BA-AD19-04BEC6110D3F}.Release|x64.Build.0 = Release|x64
		{D8060036-8006-47BA-AD19-04BEC6110D3F}.Release|x86.ActiveCfg = Release|Win32
		{D8060036-8006-47BA-AD19-04BEC6110D3F}.Release|x86.Build.0 = Release|Win32
	EndGlobalSection
	GlobalSection(SolutionProperties) = preSolution
		HideSolutionNode = FALSE
	EndGlobalSection
	GlobalSection(ExtensibilityGlobals) = postSolution
		SolutionGuid = {5A6A1B87-F629-4829-AE61-C79EE05C3993}
	EndGlobalSection
EndGlobal
